
Microsoft Visual Studio Solution File, Format Version 12.00
# Visual Studio Version 16
VisualStudioVersion = 16.0.33927.289
MinimumVisualStudioVersion = 10.0.40219.1
Project("{2150E333-8FDC-42A3-9474-1A3956D46DE8}") = "Task0", "Task0", "{08B1B776-2010-4381-BF3D-B2B6A01DFB05}"
EndProject
Project("{FAE04EC0-301F-11D3-BF4B-00C04F79EFBC}") = "Tyuiu.YangolenkoDS.Sprint2.Task0.V2", "Tyuiu.YangolenkoDS.Sprint2.Task0.V2\Tyuiu.YangolenkoDS.Sprint2.Task0.V2.csproj", "{CCFF46A5-770E-4AD6-886B-2C8909EE67B3}"
EndProject
Project("{FAE04EC0-301F-11D3-BF4B-00C04F79EFBC}") = "Tyuiu.YangolenkoDS.Sprint2.Task0.V2.Test", "Tyuiu.YangolenkoDS.Sprint2.Task0.V2.Test\Tyuiu.YangolenkoDS.Sprint2.Task0.V2.Test.csproj", "{74D75105-2D1B-4F1C-9587-96DB62B3974C}"
EndProject
Project("{FAE04EC0-301F-11D3-BF4B-00C04F79EFBC}") = "Tyuiu.YangolenkoDS.Sprint2.Task0.V2.Lib", "Tyuiu.YangolenkoDS.Sprint2.Task0.V2.Lib\Tyuiu.YangolenkoDS.Sprint2.Task0.V2.Lib.csproj", "{24589473-34FC-400C-AA0D-602C8C3D8D82}"
EndProject
Project("{2150E333-8FDC-42A3-9474-1A3956D46DE8}") = "Task1", "Task1", "{1520F2A3-A962-422E-8079-90FBD21740E4}"
EndProject
Project("{FAE04EC0-301F-11D3-BF4B-00C04F79EFBC}") = "Tyuiu.YangolenkoDS.Sprint2.Task1.V14", "Tyuiu.YangolenkoDS.Sprint2.Task1.V14\Tyuiu.YangolenkoDS.Sprint2.Task1.V14.csproj", "{3676FDF0-35E6-4130-AFD8-E672934F353A}"
EndProject
Project("{FAE04EC0-301F-11D3-BF4B-00C04F79EFBC}") = "Tyuiu.YangolenkoDS.Sprint2.Task1.V14.Lib", "Tyuiu.YangolenkoDS.Sprint2.Task1.V14.Lib\Tyuiu.YangolenkoDS.Sprint2.Task1.V14.Lib.csproj", "{8650CEA6-1AAE-4316-B892-6D3E92872D70}"
EndProject
Project("{FAE04EC0-301F-11D3-BF4B-00C04F79EFBC}") = "Tyuiu.YangolenkoDS.Sprint2.Task1.V14.Test", "Tyuiu.YangolenkoDS.Sprint2.Task1.V14.Test\Tyuiu.YangolenkoDS.Sprint2.Task1.V14.Test.csproj", "{B03B0AF7-37D0-4963-AEEA-D48A687E30E8}"
EndProject
Project("{2150E333-8FDC-42A3-9474-1A3956D46DE8}") = "Task2", "Task2", "{F89E709E-EE01-470F-BEB6-38D3F1F48895}"
EndProject
Project("{FAE04EC0-301F-11D3-BF4B-00C04F79EFBC}") = "Tyuiu.YangolenkoDS.Sprint2.Task2.V29", "Tyuiu.YangolenkoDS.Sprint2.Task2.V29\Tyuiu.YangolenkoDS.Sprint2.Task2.V29.csproj", "{70CA16FD-9212-4045-896B-DDDE0A73BE8A}"
EndProject
Project("{FAE04EC0-301F-11D3-BF4B-00C04F79EFBC}") = "Tyuiu.YangolenkoDS.Sprint2.Task2.V29.Lib", "Tyuiu.YangolenkoDS.Sprint2.Task2.V29.Lib\Tyuiu.YangolenkoDS.Sprint2.Task2.V29.Lib.csproj", "{DEDE5511-C169-4FD9-A9C4-B2217FA42044}"
EndProject
Project("{FAE04EC0-301F-11D3-BF4B-00C04F79EFBC}") = "Tyuiu.YangolenkoDS.Sprint2.Task2.V29.Test", "Tyuiu.YangolenkoDS.Sprint2.Task2.V29.Test\Tyuiu.YangolenkoDS.Sprint2.Task2.V29.Test.csproj", "{8D051649-63F1-42F7-ABF8-E01C5E7CF929}"
EndProject
Project("{2150E333-8FDC-42A3-9474-1A3956D46DE8}") = "Task3", "Task3", "{2895281F-0851-42A0-9F68-F63A264C7C8B}"
EndProject
Project("{FAE04EC0-301F-11D3-BF4B-00C04F79EFBC}") = "Tyuiu.YangolenkoDS.Sprint2.Task3.V20", "Tyuiu.YangolenkoDS.Sprint2.Task3.V20\Tyuiu.YangolenkoDS.Sprint2.Task3.V20.csproj", "{DC22244B-A293-4F25-BA7E-CF29A74C0B37}"
EndProject
Project("{FAE04EC0-301F-11D3-BF4B-00C04F79EFBC}") = "Tyuiu.YangolenkoDS.Sprint2.Task3.V20.Lib", "Tyuiu.YangolenkoDS.Sprint2.Task3.V20.Lib\Tyuiu.YangolenkoDS.Sprint2.Task3.V20.Lib.csproj", "{DCBD60A4-41DD-41A4-8A4F-87350C093B88}"
EndProject
Project("{FAE04EC0-301F-11D3-BF4B-00C04F79EFBC}") = "Tyuiu.YangolenkoDS.Sprint2.Task3.V20.Test", "Tyuiu.YangolenkoDS.Sprint2.Task3.V20.Test\Tyuiu.YangolenkoDS.Sprint2.Task3.V20.Test.csproj", "{7D587E8C-2095-44AF-9291-35C97C39FCB9}"
EndProject
Project("{2150E333-8FDC-42A3-9474-1A3956D46DE8}") = "Task4", "Task4", "{D398FCD2-4E4C-4A89-9B5D-28EC2FF1DC63}"
EndProject
Project("{FAE04EC0-301F-11D3-BF4B-00C04F79EFBC}") = "Tyuiu.YangolenkoDS.Sprint2.Task4.V24", "Tyuiu.YangolenkoDS.Sprint2.Task4.V24\Tyuiu.YangolenkoDS.Sprint2.Task4.V24.csproj", "{A11F0075-8082-493D-9A81-BE20004B3681}"
EndProject
Project("{FAE04EC0-301F-11D3-BF4B-00C04F79EFBC}") = "Tyuiu.YangolenkoDS.Sprint2.Task4.V24.Lib", "Tyuiu.YangolenkoDS.Sprint2.Task4.V24.Lib\Tyuiu.YangolenkoDS.Sprint2.Task4.V24.Lib.csproj", "{F3B87542-A4E9-44DD-9D80-DEEF00FA0A2E}"
EndProject
Project("{FAE04EC0-301F-11D3-BF4B-00C04F79EFBC}") = "Tyuiu.YangolenkoDS.Sprint2.Task4.V24.Test", "Tyuiu.YangolenkoDS.Sprint2.Task4.V24.Test\Tyuiu.YangolenkoDS.Sprint2.Task4.V24.Test.csproj", "{394924BF-034B-4531-BFE2-2BF8E8BC1656}"
EndProject
Project("{2150E333-8FDC-42A3-9474-1A3956D46DE8}") = "Task5", "Task5", "{E5FDB931-6E9F-4113-926F-81333F569330}"
EndProject
Project("{FAE04EC0-301F-11D3-BF4B-00C04F79EFBC}") = "Tyuiu.YangolenkoDS.Sprint2.Task5.V1", "Tyuiu.YangolenkoDS.Sprint2.Task5.V1\Tyuiu.YangolenkoDS.Sprint2.Task5.V1.csproj", "{29CF8764-2B14-4568-9A14-375D5C7101C5}"
EndProject
Project("{FAE04EC0-301F-11D3-BF4B-00C04F79EFBC}") = "Tyuiu.YangolenkoDS.Sprint2.Task5.V1.Lib", "Tyuiu.YangolenkoDS.Sprint2.Task5.V1.Lib\Tyuiu.YangolenkoDS.Sprint2.Task5.V1.Lib.csproj", "{5AD4D06F-930C-4F42-BFEF-705A5792F427}"
EndProject
Project("{FAE04EC0-301F-11D3-BF4B-00C04F79EFBC}") = "Tyuiu.YangolenkoDS.Sprint2.Task5.V1.Test", "Tyuiu.YangolenkoDS.Sprint2.Task5.V1.Test\Tyuiu.YangolenkoDS.Sprint2.Task5.V1.Test.csproj", "{46CD1A74-E45F-41F2-96A6-9569553AC9F0}"
EndProject
Project("{2150E333-8FDC-42A3-9474-1A3956D46DE8}") = "Task6", "Task6", "{3EF28C11-8E1F-4206-9FB3-B50AF5FCE3DD}"
EndProject
Project("{FAE04EC0-301F-11D3-BF4B-00C04F79EFBC}") = "Tyuiu.YangolenkoDS.Sprint2.Task6.V1", "Tyuiu.YangolenkoDS.Sprint2.Task6.V1\Tyuiu.YangolenkoDS.Sprint2.Task6.V1.csproj", "{637AA16B-8334-4250-9D52-CC63F14DAB44}"
EndProject
Project("{FAE04EC0-301F-11D3-BF4B-00C04F79EFBC}") = "Tyuiu.YangolenkoDS.Sprint2.Task6.V1.Lib", "Tyuiu.YangolenkoDS.Sprint2.Task6.V1.Lib\Tyuiu.YangolenkoDS.Sprint2.Task6.V1.Lib.csproj", "{CF41E715-FCA7-43C7-BB9A-FF6E664D5AA1}"
EndProject
Project("{FAE04EC0-301F-11D3-BF4B-00C04F79EFBC}") = "Tyuiu.YangolenkoDS.Sprint2.Task6.V1.Test", "Tyuiu.YangolenkoDS.Sprint2.Task6.V1.Test\Tyuiu.YangolenkoDS.Sprint2.Task6.V1.Test.csproj", "{BCC235FD-C602-425F-977F-C7F6AFB765AC}"
EndProject
Project("{2150E333-8FDC-42A3-9474-1A3956D46DE8}") = "Task7", "Task7", "{C6D442D4-6958-49A4-81EA-4F9C11D672BB}"
EndProject
Project("{FAE04EC0-301F-11D3-BF4B-00C04F79EFBC}") = "Tyuiu.YangolenkoDS.Sprint2.Task7.V1", "Tyuiu.YangolenkoDS.Sprint2.Task7.V1\Tyuiu.YangolenkoDS.Sprint2.Task7.V1.csproj", "{0E264169-62D6-4811-94B6-258EDFBD7B1B}"
EndProject
Project("{FAE04EC0-301F-11D3-BF4B-00C04F79EFBC}") = "Tyuiu.YangolenkoDS.Sprint2.Task7.V1.Lib", "Tyuiu.YangolenkoDS.Sprint2.Task7.V1.Lib\Tyuiu.YangolenkoDS.Sprint2.Task7.V1.Lib.csproj", "{9CEFC90E-B0E0-44BE-9F7C-A1D9427B7828}"
EndProject
Project("{FAE04EC0-301F-11D3-BF4B-00C04F79EFBC}") = "Tyuiu.YangolenkoDS.Sprint2.Task7.V1.Test", "Tyuiu.YangolenkoDS.Sprint2.Task7.V1.Test\Tyuiu.YangolenkoDS.Sprint2.Task7.V1.Test.csproj", "{8C40196F-438D-4547-9B6B-69387F9FE717}"
EndProject
Global
	GlobalSection(SolutionConfigurationPlatforms) = preSolution
		Debug|Any CPU = Debug|Any CPU
		Release|Any CPU = Release|Any CPU
	EndGlobalSection
	GlobalSection(ProjectConfigurationPlatforms) = postSolution
		{CCFF46A5-770E-4AD6-886B-2C8909EE67B3}.Debug|Any CPU.ActiveCfg = Debug|Any CPU
		{CCFF46A5-770E-4AD6-886B-2C8909EE67B3}.Debug|Any CPU.Build.0 = Debug|Any CPU
		{CCFF46A5-770E-4AD6-886B-2C8909EE67B3}.Release|Any CPU.ActiveCfg = Release|Any CPU
		{CCFF46A5-770E-4AD6-886B-2C8909EE67B3}.Release|Any CPU.Build.0 = Release|Any CPU
		{74D75105-2D1B-4F1C-9587-96DB62B3974C}.Debug|Any CPU.ActiveCfg = Debug|Any CPU
		{74D75105-2D1B-4F1C-9587-96DB62B3974C}.Debug|Any CPU.Build.0 = Debug|Any CPU
		{74D75105-2D1B-4F1C-9587-96DB62B3974C}.Release|Any CPU.ActiveCfg = Release|Any CPU
		{74D75105-2D1B-4F1C-9587-96DB62B3974C}.Release|Any CPU.Build.0 = Release|Any CPU
		{24589473-34FC-400C-AA0D-602C8C3D8D82}.Debug|Any CPU.ActiveCfg = Debug|Any CPU
		{24589473-34FC-400C-AA0D-602C8C3D8D82}.Debug|Any CPU.Build.0 = Debug|Any CPU
		{24589473-34FC-400C-AA0D-602C8C3D8D82}.Release|Any CPU.ActiveCfg = Release|Any CPU
		{24589473-34FC-400C-AA0D-602C8C3D8D82}.Release|Any CPU.Build.0 = Release|Any CPU
		{3676FDF0-35E6-4130-AFD8-E672934F353A}.Debug|Any CPU.ActiveCfg = Debug|Any CPU
		{3676FDF0-35E6-4130-AFD8-E672934F353A}.Debug|Any CPU.Build.0 = Debug|Any CPU
		{3676FDF0-35E6-4130-AFD8-E672934F353A}.Release|Any CPU.ActiveCfg = Release|Any CPU
		{3676FDF0-35E6-4130-AFD8-E672934F353A}.Release|Any CPU.Build.0 = Release|Any CPU
		{8650CEA6-1AAE-4316-B892-6D3E92872D70}.Debug|Any CPU.ActiveCfg = Debug|Any CPU
		{8650CEA6-1AAE-4316-B892-6D3E92872D70}.Debug|Any CPU.Build.0 = Debug|Any CPU
		{8650CEA6-1AAE-4316-B892-6D3E92872D70}.Release|Any CPU.ActiveCfg = Release|Any CPU
		{8650CEA6-1AAE-4316-B892-6D3E92872D70}.Release|Any CPU.Build.0 = Release|Any CPU
		{B03B0AF7-37D0-4963-AEEA-D48A687E30E8}.Debug|Any CPU.ActiveCfg = Debug|Any CPU
		{B03B0AF7-37D0-4963-AEEA-D48A687E30E8}.Debug|Any CPU.Build.0 = Debug|Any CPU
		{B03B0AF7-37D0-4963-AEEA-D48A687E30E8}.Release|Any CPU.ActiveCfg = Release|Any CPU
		{B03B0AF7-37D0-4963-AEEA-D48A687E30E8}.Release|Any CPU.Build.0 = Release|Any CPU
		{70CA16FD-9212-4045-896B-DDDE0A73BE8A}.Debug|Any CPU.ActiveCfg = Debug|Any CPU
		{70CA16FD-9212-4045-896B-DDDE0A73BE8A}.Debug|Any CPU.Build.0 = Debug|Any CPU
		{70CA16FD-9212-4045-896B-DDDE0A73BE8A}.Release|Any CPU.ActiveCfg = Release|Any CPU
		{70CA16FD-9212-4045-896B-DDDE0A73BE8A}.Release|Any CPU.Build.0 = Release|Any CPU
		{DEDE5511-C169-4FD9-A9C4-B2217FA42044}.Debug|Any CPU.ActiveCfg = Debug|Any CPU
		{DEDE5511-C169-4FD9-A9C4-B2217FA42044}.Debug|Any CPU.Build.0 = Debug|Any CPU
		{DEDE5511-C169-4FD9-A9C4-B2217FA42044}.Release|Any CPU.ActiveCfg = Release|Any CPU
		{DEDE5511-C169-4FD9-A9C4-B2217FA42044}.Release|Any CPU.Build.0 = Release|Any CPU
		{8D051649-63F1-42F7-ABF8-E01C5E7CF929}.Debug|Any CPU.ActiveCfg = Debug|Any CPU
		{8D051649-63F1-42F7-ABF8-E01C5E7CF929}.Debug|Any CPU.Build.0 = Debug|Any CPU
		{8D051649-63F1-42F7-ABF8-E01C5E7CF929}.Release|Any CPU.ActiveCfg = Release|Any CPU
		{8D051649-63F1-42F7-ABF8-E01C5E7CF929}.Release|Any CPU.Build.0 = Release|Any CPU
		{DC22244B-A293-4F25-BA7E-CF29A74C0B37}.Debug|Any CPU.ActiveCfg = Debug|Any CPU
		{DC22244B-A293-4F25-BA7E-CF29A74C0B37}.Debug|Any CPU.Build.0 = Debug|Any CPU
		{DC22244B-A293-4F25-BA7E-CF29A74C0B37}.Release|Any CPU.ActiveCfg = Release|Any CPU
		{DC22244B-A293-4F25-BA7E-CF29A74C0B37}.Release|Any CPU.Build.0 = Release|Any CPU
		{DCBD60A4-41DD-41A4-8A4F-87350C093B88}.Debug|Any CPU.ActiveCfg = Debug|Any CPU
		{DCBD60A4-41DD-41A4-8A4F-87350C093B88}.Debug|Any CPU.Build.0 = Debug|Any CPU
		{DCBD60A4-41DD-41A4-8A4F-87350C093B88}.Release|Any CPU.ActiveCfg = Release|Any CPU
		{DCBD60A4-41DD-41A4-8A4F-87350C093B88}.Release|Any CPU.Build.0 = Release|Any CPU
		{7D587E8C-2095-44AF-9291-35C97C39FCB9}.Debug|Any CPU.ActiveCfg = Debug|Any CPU
		{7D587E8C-2095-44AF-9291-35C97C39FCB9}.Debug|Any CPU.Build.0 = Debug|Any CPU
		{7D587E8C-2095-44AF-9291-35C97C39FCB9}.Release|Any CPU.ActiveCfg = Release|Any CPU
		{7D587E8C-2095-44AF-9291-35C97C39FCB9}.Release|Any CPU.Build.0 = Release|Any CPU
		{A11F0075-8082-493D-9A81-BE20004B3681}.Debug|Any CPU.ActiveCfg = Debug|Any CPU
		{A11F0075-8082-493D-9A81-BE20004B3681}.Debug|Any CPU.Build.0 = Debug|Any CPU
		{A11F0075-8082-493D-9A81-BE20004B3681}.Release|Any CPU.ActiveCfg = Release|Any CPU
		{A11F0075-8082-493D-9A81-BE20004B3681}.Release|Any CPU.Build.0 = Release|Any CPU
		{F3B87542-A4E9-44DD-9D80-DEEF00FA0A2E}.Debug|Any CPU.ActiveCfg = Debug|Any CPU
		{F3B87542-A4E9-44DD-9D80-DEEF00FA0A2E}.Debug|Any CPU.Build.0 = Debug|Any CPU
		{F3B87542-A4E9-44DD-9D80-DEEF00FA0A2E}.Release|Any CPU.ActiveCfg = Release|Any CPU
		{F3B87542-A4E9-44DD-9D80-DEEF00FA0A2E}.Release|Any CPU.Build.0 = Release|Any CPU
		{394924BF-034B-4531-BFE2-2BF8E8BC1656}.Debug|Any CPU.ActiveCfg = Debug|Any CPU
		{394924BF-034B-4531-BFE2-2BF8E8BC1656}.Debug|Any CPU.Build.0 = Debug|Any CPU
		{394924BF-034B-4531-BFE2-2BF8E8BC1656}.Release|Any CPU.ActiveCfg = Release|Any CPU
		{394924BF-034B-4531-BFE2-2BF8E8BC1656}.Release|Any CPU.Build.0 = Release|Any CPU
		{29CF8764-2B14-4568-9A14-375D5C7101C5}.Debug|Any CPU.ActiveCfg = Debug|Any CPU
		{29CF8764-2B14-4568-9A14-375D5C7101C5}.Debug|Any CPU.Build.0 = Debug|Any CPU
		{29CF8764-2B14-4568-9A14-375D5C7101C5}.Release|Any CPU.ActiveCfg = Release|Any CPU
		{29CF8764-2B14-4568-9A14-375D5C7101C5}.Release|Any CPU.Build.0 = Release|Any CPU
		{5AD4D06F-930C-4F42-BFEF-705A5792F427}.Debug|Any CPU.ActiveCfg = Debug|Any CPU
		{5AD4D06F-930C-4F42-BFEF-705A5792F427}.Debug|Any CPU.Build.0 = Debug|Any CPU
		{5AD4D06F-930C-4F42-BFEF-705A5792F427}.Release|Any CPU.ActiveCfg = Release|Any CPU
		{5AD4D06F-930C-4F42-BFEF-705A5792F427}.Release|Any CPU.Build.0 = Release|Any CPU
		{46CD1A74-E45F-41F2-96A6-9569553AC9F0}.Debug|Any CPU.ActiveCfg = Debug|Any CPU
		{46CD1A74-E45F-41F2-96A6-9569553AC9F0}.Debug|Any CPU.Build.0 = Debug|Any CPU
		{46CD1A74-E45F-41F2-96A6-9569553AC9F0}.Release|Any CPU.ActiveCfg = Release|Any CPU
		{46CD1A74-E45F-41F2-96A6-9569553AC9F0}.Release|Any CPU.Build.0 = Release|Any CPU
		{637AA16B-8334-4250-9D52-CC63F14DAB44}.Debug|Any CPU.ActiveCfg = Debug|Any CPU
		{637AA16B-8334-4250-9D52-CC63F14DAB44}.Debug|Any CPU.Build.0 = Debug|Any CPU
		{637AA16B-8334-4250-9D52-CC63F14DAB44}.Release|Any CPU.ActiveCfg = Release|Any CPU
		{637AA16B-8334-4250-9D52-CC63F14DAB44}.Release|Any CPU.Build.0 = Release|Any CPU
		{CF41E715-FCA7-43C7-BB9A-FF6E664D5AA1}.Debug|Any CPU.ActiveCfg = Debug|Any CPU
		{CF41E715-FCA7-43C7-BB9A-FF6E664D5AA1}.Debug|Any CPU.Build.0 = Debug|Any CPU
		{CF41E715-FCA7-43C7-BB9A-FF6E664D5AA1}.Release|Any CPU.ActiveCfg = Release|Any CPU
		{CF41E715-FCA7-43C7-BB9A-FF6E664D5AA1}.Release|Any CPU.Build.0 = Release|Any CPU
		{BCC235FD-C602-425F-977F-C7F6AFB765AC}.Debug|Any CPU.ActiveCfg = Debug|Any CPU
		{BCC235FD-C602-425F-977F-C7F6AFB765AC}.Debug|Any CPU.Build.0 = Debug|Any CPU
		{BCC235FD-C602-425F-977F-C7F6AFB765AC}.Release|Any CPU.ActiveCfg = Release|Any CPU
		{BCC235FD-C602-425F-977F-C7F6AFB765AC}.Release|Any CPU.Build.0 = Release|Any CPU
		{0E264169-62D6-4811-94B6-258EDFBD7B1B}.Debug|Any CPU.ActiveCfg = Debug|Any CPU
		{0E264169-62D6-4811-94B6-258EDFBD7B1B}.Debug|Any CPU.Build.0 = Debug|Any CPU
		{0E264169-62D6-4811-94B6-258EDFBD7B1B}.Release|Any CPU.ActiveCfg = Release|Any CPU
		{0E264169-62D6-4811-94B6-258EDFBD7B1B}.Release|Any CPU.Build.0 = Release|Any CPU
		{9CEFC90E-B0E0-44BE-9F7C-A1D9427B7828}.Debug|Any CPU.ActiveCfg = Debug|Any CPU
		{9CEFC90E-B0E0-44BE-9F7C-A1D9427B7828}.Debug|Any CPU.Build.0 = Debug|Any CPU
		{9CEFC90E-B0E0-44BE-9F7C-A1D9427B7828}.Release|Any CPU.ActiveCfg = Release|Any CPU
		{9CEFC90E-B0E0-44BE-9F7C-A1D9427B7828}.Release|Any CPU.Build.0 = Release|Any CPU
		{8C40196F-438D-4547-9B6B-69387F9FE717}.Debug|Any CPU.ActiveCfg = Debug|Any CPU
		{8C40196F-438D-4547-9B6B-69387F9FE717}.Debug|Any CPU.Build.0 = Debug|Any CPU
		{8C40196F-438D-4547-9B6B-69387F9FE717}.Release|Any CPU.ActiveCfg = Release|Any CPU
		{8C40196F-438D-4547-9B6B-69387F9FE717}.Release|Any CPU.Build.0 = Release|Any CPU
	EndGlobalSection
	GlobalSection(SolutionProperties) = preSolution
		HideSolutionNode = FALSE
	EndGlobalSection
	GlobalSection(NestedProjects) = preSolution
		{CCFF46A5-770E-4AD6-886B-2C8909EE67B3} = {08B1B776-2010-4381-BF3D-B2B6A01DFB05}
		{74D75105-2D1B-4F1C-9587-96DB62B3974C} = {08B1B776-2010-4381-BF3D-B2B6A01DFB05}
		{24589473-34FC-400C-AA0D-602C8C3D8D82} = {08B1B776-2010-4381-BF3D-B2B6A01DFB05}
		{3676FDF0-35E6-4130-AFD8-E672934F353A} = {1520F2A3-A962-422E-8079-90FBD21740E4}
		{8650CEA6-1AAE-4316-B892-6D3E92872D70} = {1520F2A3-A962-422E-8079-90FBD21740E4}
		{B03B0AF7-37D0-4963-AEEA-D48A687E30E8} = {1520F2A3-A962-422E-8079-90FBD21740E4}
		{70CA16FD-9212-4045-896B-DDDE0A73BE8A} = {F89E709E-EE01-470F-BEB6-38D3F1F48895}
		{DEDE5511-C169-4FD9-A9C4-B2217FA42044} = {F89E709E-EE01-470F-BEB6-38D3F1F48895}
		{8D051649-63F1-42F7-ABF8-E01C5E7CF929} = {F89E709E-EE01-470F-BEB6-38D3F1F48895}
		{DC22244B-A293-4F25-BA7E-CF29A74C0B37} = {2895281F-0851-42A0-9F68-F63A264C7C8B}
		{DCBD60A4-41DD-41A4-8A4F-87350C093B88} = {2895281F-0851-42A0-9F68-F63A264C7C8B}
		{7D587E8C-2095-44AF-9291-35C97C39FCB9} = {2895281F-0851-42A0-9F68-F63A264C7C8B}
		{A11F0075-8082-493D-9A81-BE20004B3681} = {D398FCD2-4E4C-4A89-9B5D-28EC2FF1DC63}
		{F3B87542-A4E9-44DD-9D80-DEEF00FA0A2E} = {D398FCD2-4E4C-4A89-9B5D-28EC2FF1DC63}
		{394924BF-034B-4531-BFE2-2BF8E8BC1656} = {D398FCD2-4E4C-4A89-9B5D-28EC2FF1DC63}
		{29CF8764-2B14-4568-9A14-375D5C7101C5} = {E5FDB931-6E9F-4113-926F-81333F569330}
		{5AD4D06F-930C-4F42-BFEF-705A5792F427} = {E5FDB931-6E9F-4113-926F-81333F569330}
		{46CD1A74-E45F-41F2-96A6-9569553AC9F0} = {E5FDB931-6E9F-4113-926F-81333F569330}
		{637AA16B-8334-4250-9D52-CC63F14DAB44} = {3EF28C11-8E1F-4206-9FB3-B50AF5FCE3DD}
		{CF41E715-FCA7-43C7-BB9A-FF6E664D5AA1} = {3EF28C11-8E1F-4206-9FB3-B50AF5FCE3DD}
		{BCC235FD-C602-425F-977F-C7F6AFB765AC} = {3EF28C11-8E1F-4206-9FB3-B50AF5FCE3DD}
		{0E264169-62D6-4811-94B6-258EDFBD7B1B} = {C6D442D4-6958-49A4-81EA-4F9C11D672BB}
		{9CEFC90E-B0E0-44BE-9F7C-A1D9427B7828} = {C6D442D4-6958-49A4-81EA-4F9C11D672BB}
		{8C40196F-438D-4547-9B6B-69387F9FE717} = {C6D442D4-6958-49A4-81EA-4F9C11D672BB}
	EndGlobalSection
	GlobalSection(ExtensibilityGlobals) = postSolution
		SolutionGuid = {6BE6074E-6E81-4CDD-B10D-932463009C6C}
	EndGlobalSection
EndGlobal
